NeoBundleLock Smart-Tabs e588ad3f2dc41c2dc0786ecd74c3c4d3fe4534ae
NeoBundleLock delimitMate 9a77c3aee6502fd13f036a783b334fbade583532
NeoBundleLock jedi-vim d79f41149f747b83210804ff379ddbd8aaf3ab5b
NeoBundleLock julia-vim f02f075505d2e8e133457e2d30a1aba6fad31d4e
NeoBundleLock neobundle.vim 9a69b56f24f31cc4e4592f44f03d2fdb8dea92b3
NeoBundleLock neocomplete.vim 28386c3cb00f890369d3be0f810cbf908d68866f
NeoBundleLock supertab c8bfeceb1fc92ad58f2ae6967cbfcd6fbcb0d6e7
NeoBundleLock syntastic 5dba05af4fb9e69472a994bb1228c6b86a47911a
NeoBundleLock unite.vim 40919616969583bb440f2523e2b6003038e13835
NeoBundleLock vim-airline f45ecdac15d99ed2354873a8b4d40432fd0a85a3
NeoBundleLock vim-fugitive 4cc201cbe3a0c3faa4cde1b82ba941d410e5e81c
NeoBundleLock vim-ipython a47d92b371588a81f8501c66604d79e2827c60a8
NeoBundleLock vim-latex 0fae2e676cc4beb65ed026639f8419feddb5f4b4
