NeoBundleLock Smart-Tabs e588ad3f2dc41c2dc0786ecd74c3c4d3fe4534ae
NeoBundleLock delimitMate c78a6e6d937333fed276bddc4589f6313e277a8e
NeoBundleLock jedi-vim 78fc26456acc701ffa121fe8d99ab77dcac994ef
NeoBundleLock julia-vim e33061769718e3af128ccb5c97427cc863f888d5
NeoBundleLock neobundle.vim f5ace1d749382ab5e5a22670d57c61303a927b72
NeoBundleLock neocomplete.vim 2d3f68c5de640dd1cb6d6ceb3442015a18e90604
NeoBundleLock supertab c8bfeceb1fc92ad58f2ae6967cbfcd6fbcb0d6e7
NeoBundleLock syntastic 0cde758958c3c5604a7e53c6ab5abfc11ff46c81
NeoBundleLock unite.vim e6ddf49ce4bda9db5e00252a5503a5eeb75f7027
NeoBundleLock vim-airline 5dc0cc54180bd757a37c9828d5229956979cd654
NeoBundleLock vim-fugitive 0095769029709b531d2505ee6ad9907dd9bd72a0
NeoBundleLock vim-ipython a47d92b371588a81f8501c66604d79e2827c60a8
NeoBundleLock vim-latex 0fae2e676cc4beb65ed026639f8419feddb5f4b4
